# This file was autogenerated by Stack.
# You should not edit this file by hand.
# For more information, please see the documentation at:
#   https://docs.haskellstack.org/en/stable/lock_files

packages:
- completed:
    name: fx
    version: '0.5'
    git: https://github.com/nikita-volkov/fx
    pantry-tree:
      size: 481
      sha256: c7e3247e7aaefa9a0d400868ecccabb3b381f5d15dd349a4124e6aff7344c1d8
    commit: f3947e32f8cc3c764ab8ee48581f2e1f35d3bcdb
  original:
    git: https://github.com/nikita-volkov/fx
    commit: f3947e32f8cc3c764ab8ee48581f2e1f35d3bcdb
- completed:
    name: moore-machines
    version: '0.1'
    git: https://github.com/nikita-volkov/moore-machines
    pantry-tree:
      size: 887
      sha256: 3d1505067d5c8599e9843ed45ec2bc587fa5100c448f558ca5db2c97fb55706f
    commit: 7e95c33b203a1cfe42dbc0e0de3cec8e6fe94290
  original:
    git: https://github.com/nikita-volkov/moore-machines
    commit: 7e95c33b203a1cfe42dbc0e0de3cec8e6fe94290
- completed:
    hackage: aeson-value-parser-0.19.6@sha256:ccd8424b17fd5608c3f1f7e51c7d4b77ff64cd409b51387759d27fc0e6e419bc,2054
    pantry-tree:
      size: 454
      sha256: a2fa5c7577470e6472dcc9f9c3826486bfabce337149555a5297c11807bfe993
  original:
    hackage: aeson-value-parser-0.19.6
- completed:
    hackage: domain-optics-0.1.0.3@sha256:8c70c20a5f02782eb97419dc1f48546735ef7c8681f012bf069753dcc5816605,1914
    pantry-tree:
      size: 453
      sha256: eeb35dd2de847dc6075d47da01c930e8b37f9d71de1d244c45d2cbe24c77927a
  original:
    hackage: domain-optics-0.1.0.3
- completed:
    hackage: vector-extras-0.2.6@sha256:695f171936613b45b37de497ab26cba772616e43b09d9c39f0008d168c1f7064,1883
    pantry-tree:
      size: 738
      sha256: 5a6485bf613ec35a3e13674563ddd00920dfb1040ad16af625793bdf665324a3
  original:
    hackage: vector-extras-0.2.6
snapshots:
- completed:
    size: 520055
    url: https://raw.githubusercontent.com/commercialhaskell/stackage-snapshots/master/nightly/2022/3/26.yaml
    sha256: 5b990d61deb188d2b776881dd043abe4b8bab5112942f2809789903a00bd8a7b
  original: nightly-2022-03-26
