# This file was autogenerated by Stack.
# You should not edit this file by hand.
# For more information, please see the documentation at:
#   https://docs.haskellstack.org/en/stable/lock_files

packages:
- completed:
    name: coalmine
    pantry-tree:
      sha256: 47fa61a673d8d6a32b5987c4d618fa8aad395156d64d00bd91c4c02bf4012fd0
      size: 9574
    commit: 347030ad0e4a03d1ba14bea50b7a605e5ec19898
    git: https://github.com/nikita-volkov/coalmine
    version: 0.1.0.1
  original:
    commit: 347030ad0e4a03d1ba14bea50b7a605e5ec19898
    git: https://github.com/nikita-volkov/coalmine
- completed:
    name: moore-machines
    pantry-tree:
      sha256: 3d1505067d5c8599e9843ed45ec2bc587fa5100c448f558ca5db2c97fb55706f
      size: 887
    commit: 7e95c33b203a1cfe42dbc0e0de3cec8e6fe94290
    git: https://github.com/nikita-volkov/moore-machines
    version: '0.1'
  original:
    commit: 7e95c33b203a1cfe42dbc0e0de3cec8e6fe94290
    git: https://github.com/nikita-volkov/moore-machines
- completed:
    name: structure-kit
    pantry-tree:
      sha256: b7779ebe935d65c0b4f6e3ea8b5f5011abdabf362b1673826545c93625e050ad
      size: 3500
    commit: 46ffb6527c48f8a718adecd21a313f0b1ba5e81c
    git: https://github.com/nikita-volkov/structure-kit
    version: 0.1.0.1
  original:
    commit: 46ffb6527c48f8a718adecd21a313f0b1ba5e81c
    git: https://github.com/nikita-volkov/structure-kit
- completed:
    name: canapi
    pantry-tree:
      sha256: 54c44986c3d7f8daa4464e4e097f312dc3ac0c02f7eb5fbb8bba3a6e6d19487a
      size: 1319
    commit: 02f1d9ffea90522a3a0968305793a7f507c7da59
    git: https://github.com/nikita-volkov/canapi
    version: '0.1'
  original:
    commit: 02f1d9ffea90522a3a0968305793a7f507c7da59
    git: https://github.com/nikita-volkov/canapi
- completed:
    name: acquire
    pantry-tree:
      sha256: 446c9d338874484cb801448e68c1ff16b1aa75bcedfd2c69d5e957d08a269487
      size: 343
    commit: 0e853dd613537e4b6fcbddb551d42df676045049
    git: https://github.com/metrix-ai/acquire
    version: 0.3.1
  original:
    commit: 0e853dd613537e4b6fcbddb551d42df676045049
    git: https://github.com/metrix-ai/acquire
- completed:
    pantry-tree:
      sha256: 4c700792b51236a70e364ac79c1cd0d197596264c0f57099eb5cea193b663c1b
      size: 408
    hackage: aeson-value-parser-0.19.7@sha256:c114ae7deb86b55154a408896602f9ce61555ac6fd044e8e209c9c544ad2f4db,2054
  original:
    hackage: aeson-value-parser-0.19.7
- completed:
    pantry-tree:
      sha256: 1240e61d89fa70c65636995919674b5bc55bc33a719e555fa4ec8950a91eb6e5
      size: 604
    hackage: cereal-unordered-containers-0.1@sha256:e47c65f76633248fccdea1f38de952473edf7a28cf05af38e64b681a47305c92,1544
  original:
    hackage: cereal-unordered-containers-0.1
- completed:
    pantry-tree:
      sha256: 520aa5f59b55c14d27115a801f499f940a563849b0c54876bcd6be41f6450713
      size: 456
    hackage: cereal-data-dword-0.1.1@sha256:a3fa6dfafaeeb3774c5888dfa601d561ce05b0af66f52859970247e58135d47e,1381
  original:
    hackage: cereal-data-dword-0.1.1
- completed:
    pantry-tree:
      sha256: b95775b15664193c3301f10233f26ff43f60327f700c15e439cbed7f615c401c
      size: 446
    hackage: domain-aeson-0.1@sha256:8337de97b765b535cf8c252ca051c7f1573ad03b21774a09dcb6673ad7269ad1,1897
  original:
    hackage: domain-aeson-0.1
- completed:
    pantry-tree:
      sha256: babc92fb6290d5d7b59cf6a07c8abb51a1a176824371f5cbf2a916259a337915
      size: 366
    hackage: domain-cereal-0.1@sha256:db6fe7980ee3f9834a9e2c7cbe577354406286fecfb18477aac712cc008a83ce,1879
  original:
    hackage: domain-cereal-0.1
- completed:
    pantry-tree:
      sha256: 946dbffdad0a92dbdeeaaabb1c7ac2451f3002561407068543fcd860cd860f15
      size: 473
    hackage: punycode-2.0@sha256:dce7f481b5eedc750cf49d21a80b839cb366afd2d29bc506acca5ad9d0c06a8f,1503
  original:
    hackage: punycode-2.0
- completed:
    pantry-tree:
      sha256: 51dc0ab22269973eec829ae476fb3102cfe155ffde2fd1d039dedf65c7842031
      size: 509
    hackage: timestamp-0.2@sha256:103fe49ce206922d3b14d57d8aff25eaf03c70fef5fcdaeaeb8416aaee163e51,1598
  original:
    hackage: timestamp-0.2
- completed:
    pantry-tree:
      sha256: af6a4af7b400a4891918a0d3b60d16cbf90a4d5d0a101223f920d684d435754c
      size: 402
    hackage: leb128-cereal-1.2@sha256:ba8770629aa1fa8524cbbea3b4065b21def815a766ab6c74174aa57f8c124ead,1883
  original:
    hackage: leb128-cereal-1.2
- completed:
    pantry-tree:
      sha256: 8883631a132438e7892fcb13e89d6bbcdc0ac76c56fbea8df8d7aa482ce81f73
      size: 724
    hackage: text-builder-dev-0.3.3@sha256:79ec422defcc2e5b34f94129c72b98d34b2efc1ed8bbd945ccb8f4f535a892c3,2784
  original:
    hackage: text-builder-dev-0.3.3
snapshots:
- completed:
    sha256: 0600a5c9ef2baecdd8f7cd40d7591a6932c454b65ec1c06f92065423cd521bdd
    size: 813
    url: https://raw.githubusercontent.com/nikita-volkov/stack-snapshot/2ac84390becb58d786329041dcb7d9032e7d9dba/snapshot.yaml
  original:
    url: https://raw.githubusercontent.com/nikita-volkov/stack-snapshot/2ac84390becb58d786329041dcb7d9032e7d9dba/snapshot.yaml
- completed:
    sha256: 3d516da83f27e490ecd1d86dfea088f9ae7737802d4e3fb8157c9e4066c355de
    size: 614843
    url: https://raw.githubusercontent.com/commercialhaskell/stackage-snapshots/master/nightly/2022/7/1.yaml
  original: nightly-2022-07-01
